%{
  "bandit": {:hex, :bandit, "0.4.7", "1a9479c260efae2a6ef85a2d8b551ba574eae625a0207658373bfc60a84c8ec8", [:mix], [{:hpax, "~> 0.1.1", [hex: :hpax, repo: "hexpm", optional: false]}, {:plug, "~> 1.12", [hex: :plug, repo: "hexpm", optional: false]}, {:thousand_island, "~> 0.5.0", [hex: :thousand_island, repo: "hexpm", optional: false]}], "hexpm", "d1a57eab5d7d83a99f41b0855f10f49781478c7acc7960ebb49a13b6be4c9cd7"},
  "bento": {:hex, :bento, "0.9.2", "7c12c68a34c5e63ff9e71506dcedcd2f983055ac1c40edcd86750ead09e2a174", [:mix], [{:poison, "~> 2.0", [hex: :poison, repo: "hexpm", optional: false]}], "hexpm", "8be4312c4eacf57ef0c319f5ddd0b31872b510dc8ca02c64206ee648ec0f91d1"},
  "bunt": {:hex, :bunt, "0.2.0", "951c6e801e8b1d2cbe58ebbd3e616a869061ddadcc4863d0a2182541acae9a38", [:mix], [], "hexpm", "7af5c7e09fe1d40f76c8e4f9dd2be7cebd83909f31fee7cd0e9eadc567da8353"},
  "castore": {:hex, :castore, "0.1.15", "dbb300827d5a3ec48f396ca0b77ad47058578927e9ebe792abd99fcbc3324326", [:mix], [], "hexpm", "c69379b907673c7e6eb229f09a0a09b60bb27cfb9625bcb82ea4c04ba82a8442"},
  "credo": {:hex, :credo, "1.6.4", "ddd474afb6e8c240313f3a7b0d025cc3213f0d171879429bf8535d7021d9ad78", [:mix], [{:bunt, "~> 0.2.0", [hex: :bunt, repo: "hexpm", optional: false]}, {:file_system, "~> 0.2.8", [hex: :file_system, repo: "hexpm", optional: false]}, {:jason, "~> 1.0", [hex: :jason, repo: "hexpm", optional: false]}], "hexpm", "c28f910b61e1ff829bffa056ef7293a8db50e87f2c57a9b5c3f57eee124536b7"},
  "decimal": {:hex, :decimal, "2.0.0", "a78296e617b0f5dd4c6caf57c714431347912ffb1d0842e998e9792b5642d697", [:mix], [], "hexpm", "34666e9c55dea81013e77d9d87370fe6cb6291d1ef32f46a1600230b1d44f577"},
  "doctor": {:hex, :doctor, "0.18.0", "114934c1740239953208a39db617699b7e2660770e81129d7f95cdf7837ab766", [:mix], [{:decimal, "~> 2.0", [hex: :decimal, repo: "hexpm", optional: false]}], "hexpm", "829c88c365f72c0666e443ea670ffb6f180de7b90c23d536edabdd8c722b88f4"},
  "earmark_parser": {:hex, :earmark_parser, "1.4.20", "89970db71b11b6b89759ce16807e857df154f8df3e807b2920a8c39834a9e5cf", [:mix], [], "hexpm", "1eb0d2dabeeeff200e0d17dc3048a6045aab271f73ebb82e416464832eb57bdd"},
  "ex_check": {:hex, :ex_check, "0.14.0", "d6fbe0bcc51cf38fea276f5bc2af0c9ae0a2bb059f602f8de88709421dae4f0e", [:mix], [], "hexpm", "8a602e98c66e6a4be3a639321f1f545292042f290f91fa942a285888c6868af0"},
  "ex_doc": {:hex, :ex_doc, "0.28.2", "e031c7d1a9fc40959da7bf89e2dc269ddc5de631f9bd0e326cbddf7d8085a9da", [:mix], [{:earmark_parser, "~> 1.4.19", [hex: :earmark_parser, repo: "hexpm", optional: false]}, {:makeup_elixir, "~> 0.14", [hex: :makeup_elixir, repo: "hexpm", optional: false]}, {:makeup_erlang, "~> 0.1", [hex: :makeup_erlang, repo: "hexpm", optional: false]}], "hexpm", "51ee866993ffbd0e41c084a7677c570d0fc50cb85c6b5e76f8d936d9587fa719"},
  "file_system": {:hex, :file_system, "0.2.10", "fb082005a9cd1711c05b5248710f8826b02d7d1784e7c3451f9c1231d4fc162d", [:mix], [], "hexpm", "41195edbfb562a593726eda3b3e8b103a309b733ad25f3d642ba49696bf715dc"},
  "hex_licenses": {:hex, :hex_licenses, "0.3.3", "9365fa2ee72a0cdde9108d61a25504af307fc0314cb7fe817daf6eebf0b2379e", [:mix], [{:httpoison, "~> 1.8", [hex: :httpoison, repo: "hexpm", optional: true]}, {:poison, "~> 3.0", [hex: :poison, repo: "hexpm", optional: true]}], "hexpm", "28bc5e9898a6d002e34d3b348e5dce19b04e702169b3bdd31ab79ba2502ab92c"},
  "hpax": {:hex, :hpax, "0.1.1", "2396c313683ada39e98c20a75a82911592b47e5c24391363343bde74f82396ca", [:mix], [], "hexpm", "0ae7d5a0b04a8a60caf7a39fcf3ec476f35cc2cc16c05abea730d3ce6ac6c826"},
  "jason": {:hex, :jason, "1.3.0", "fa6b82a934feb176263ad2df0dbd91bf633d4a46ebfdffea0c8ae82953714946", [:mix], [{:decimal, "~> 1.0 or ~> 2.0", [hex: :decimal, repo: "hexpm", optional: true]}], "hexpm", "53fc1f51255390e0ec7e50f9cb41e751c260d065dcba2bf0d08dc51a4002c2ac"},
  "makeup": {:hex, :makeup, "1.1.0", "6b67c8bc2882a6b6a445859952a602afc1a41c2e08379ca057c0f525366fc3ca", [:mix], [{:nimble_parsec, "~> 1.2.2 or ~> 1.3", [hex: :nimble_parsec, repo: "hexpm", optional: false]}], "hexpm", "0a45ed501f4a8897f580eabf99a2e5234ea3e75a4373c8a52824f6e873be57a6"},
  "makeup_elixir": {:hex, :makeup_elixir, "0.15.2", "dc72dfe17eb240552857465cc00cce390960d9a0c055c4ccd38b70629227e97c", [:mix], [{:makeup, "~> 1.0", [hex: :makeup, repo: "hexpm", optional: false]}, {:nimble_parsec, "~> 1.1", [hex: :nimble_parsec, repo: "hexpm", optional: false]}], "hexpm", "fd23ae48d09b32eff49d4ced2b43c9f086d402ee4fd4fcb2d7fad97fa8823e75"},
  "makeup_erlang": {:hex, :makeup_erlang, "0.1.1", "3fcb7f09eb9d98dc4d208f49cc955a34218fc41ff6b84df7c75b3e6e533cc65f", [:mix], [{:makeup, "~> 1.0", [hex: :makeup, repo: "hexpm", optional: false]}], "hexpm", "174d0809e98a4ef0b3309256cbf97101c6ec01c4ab0b23e926a9e17df2077cbb"},
  "mime": {:hex, :mime, "2.0.2", "0b9e1a4c840eafb68d820b0e2158ef5c49385d17fb36855ac6e7e087d4b1dcc5", [:mix], [], "hexpm", "e6a3f76b4c277739e36c2e21a2c640778ba4c3846189d5ab19f97f126df5f9b7"},
  "nimble_parsec": {:hex, :nimble_parsec, "1.2.2", "b99ca56bbce410e9d5ee4f9155a212e942e224e259c7ebbf8f2c86ac21d4fa3c", [:mix], [], "hexpm", "98d51bd64d5f6a2a9c6bb7586ee8129e27dfaab1140b5a4753f24dac0ba27d2f"},
  "norm": {:hex, :norm, "0.13.0", "2c562113f3205e3f195ee288d3bd1ab903743e7e9f3282562c56c61c4d95dec4", [:mix], [{:stream_data, "~> 0.5", [hex: :stream_data, repo: "hexpm", optional: true]}], "hexpm", "447cc96dd2d0e19dcb37c84b5fc0d6842aad69386e846af048046f95561d46d7"},
  "plug": {:hex, :plug, "1.13.3", "93b299039c21a8b82cc904d13812bce4ced45cf69153e8d35ca16ffb3e8c5d98", [:mix], [{:mime, "~> 1.0 or ~> 2.0", [hex: :mime, repo: "hexpm", optional: false]}, {:plug_crypto, "~> 1.1.1 or ~> 1.2", [hex: :plug_crypto, repo: "hexpm", optional: false]}, {:telemetry, "~> 0.4.3 or ~> 1.0", [hex: :telemetry, repo: "hexpm", optional: false]}], "hexpm", "98c8003e4faf7b74a9ac41bee99e328b08f069bf932747d4a7532e97ae837a17"},
  "plug_crypto": {:hex, :plug_crypto, "1.2.2", "05654514ac717ff3a1843204b424477d9e60c143406aa94daf2274fdd280794d", [:mix], [], "hexpm", "87631c7ad914a5a445f0a3809f99b079113ae4ed4b867348dd9eec288cecb6db"},
  "poison": {:hex, :poison, "2.2.0", "4763b69a8a77bd77d26f477d196428b741261a761257ff1cf92753a0d4d24a63", [:mix], [], "hexpm", "519bc209e4433961284174c497c8524c001e285b79bdf80212b47a1f898084cc"},
  "redix": {:hex, :redix, "1.1.5", "6fc460d66a5c2287e83e6d73dddc8d527ff59cb4d4f298b41e03a4db8c3b2bd5", [:mix], [{:castore, "~> 0.1.0", [hex: :castore, repo: "hexpm", optional: true]}, {:telemetry, "~> 0.4.0 or ~> 1.0", [hex: :telemetry, repo: "hexpm", optional: false]}], "hexpm", "679afdd4c14502fe9c11387ff1cdcb33065a1cf511097da1eee407f17c7a418b"},
  "sobelow": {:hex, :sobelow, "0.11.1", "23438964486f8112b41e743bbfd402da3e5b296fdc9eacab29914b79c48916dd", [:mix], [{:jason, "~> 1.0", [hex: :jason, repo: "hexpm", optional: false]}], "hexpm", "9897363a7eff96f4809304a90aad819e2ad5e5d24db547af502885146746a53c"},
  "telemetry": {:hex, :telemetry, "1.0.0", "0f453a102cdf13d506b7c0ab158324c337c41f1cc7548f0bc0e130bbf0ae9452", [:rebar3], [], "hexpm", "73bc09fa59b4a0284efb4624335583c528e07ec9ae76aca96ea0673850aec57a"},
  "thousand_island": {:hex, :thousand_island, "0.5.3", "760e9696a46206f5568c78b7558438c0db8da27a0f548e43bca7297676b55095", [:mix], [{:telemetry, "~> 1.0", [hex: :telemetry, repo: "hexpm", optional: false]}], "hexpm", "580768e5a39f85d0815fcdb895855a412a9b2af17e32460f3e38f80578aeafbf"},
  "toml": {:hex, :toml, "0.6.2", "38f445df384a17e5d382befe30e3489112a48d3ba4c459e543f748c2f25dd4d1", [:mix], [], "hexpm", "d013e45126d74c0c26a38d31f5e8e9b83ea19fc752470feb9a86071ca5a672fa"},
  "vapor": {:hex, :vapor, "0.10.0", "547a94b381093dea61a4ca2200109385b6e44b86d72d1ebf93e5ac1a8873bc3c", [:mix], [{:jason, "~> 1.1", [hex: :jason, repo: "hexpm", optional: false]}, {:norm, "~> 0.9", [hex: :norm, repo: "hexpm", optional: false]}, {:toml, "~> 0.3", [hex: :toml, repo: "hexpm", optional: false]}, {:yaml_elixir, "~> 2.1", [hex: :yaml_elixir, repo: "hexpm", optional: false]}], "hexpm", "ee6d089a71309647a0a2a2ae6cf3bea61739a983e8c1310d53ff04b1493afbc1"},
  "yamerl": {:hex, :yamerl, "0.8.1", "07da13ffa1d8e13948943789665c62ccd679dfa7b324a4a2ed3149df17f453a4", [:rebar3], [], "hexpm", "96cb30f9d64344fed0ef8a92e9f16f207de6c04dfff4f366752ca79f5bceb23f"},
  "yaml_elixir": {:hex, :yaml_elixir, "2.8.0", "c7ff0034daf57279c2ce902788ce6fdb2445532eb4317e8df4b044209fae6832", [:mix], [{:yamerl, "~> 0.8", [hex: :yamerl, repo: "hexpm", optional: false]}], "hexpm", "4b674bd881e373d1ac6a790c64b2ecb69d1fd612c2af3b22de1619c15473830b"},
}
